{
    "version": 3,
    "terraform_version": "0.9.11",
    "serial": 25,
    "lineage": "e7d8e34d-7e03-4e90-b890-f604ac9ea91c",
    "modules": [
        {
            "path": [
                "root"
            ],
            "outputs": {
                "redis_master_address": {
                    "sensitive": false,
                    "type": "string",
                    "value": "10.40.207.168"
                },
                "redis_slave_address": {
                    "sensitive": false,
                    "type": "string",
                    "value": "10.40.207.169"
                },
                "webserver_address": {
                    "sensitive": false,
                    "type": "string",
                    "value": "10.40.207.167"
                }
            },
            "resources": {
                "null_resource.inventory_and_vars_setup": {
                    "type": "null_resource",
                    "depends_on": [
                        "openstack_networking_floatingip_v2.floatip_vmwdemo_redis_master",
                        "openstack_networking_floatingip_v2.floatip_vmwdemo_redis_slave",
                        "openstack_networking_floatingip_v2.floatip_vmwdemo_web"
                    ],
                    "primary": {
                        "id": "7455447601303639612",
                        "attributes": {
                            "id": "7455447601303639612"
                        },
                        "meta": {},
                        "tainted": false
                    },
                    "deposed": [],
                    "provider": ""
                },
                "openstack_compute_instance_v2.instance_vmwdemo_redis_master": {
                    "type": "openstack_compute_instance_v2",
                    "depends_on": [
                        "null_resource.inventory_and_vars_setup",
                        "openstack_networking_floatingip_v2.floatip_vmwdemo_redis_master",
                        "openstack_networking_port_v2.port_vmwdemo_redis_master"
                    ],
                    "primary": {
                        "id": "4293372f-7fde-446a-bd27-90129c4992bb",
                        "attributes": {
                            "access_ip_v4": "",
                            "access_ip_v6": "",
                            "all_metadata.%": "0",
                            "availability_zone": "nova",
                            "flavor_id": "3",
                            "flavor_name": "m1.medium",
                            "force_delete": "false",
                            "id": "4293372f-7fde-446a-bd27-90129c4992bb",
                            "image_id": "5463ff57-bd36-40fd-90d3-d2001c8f5e9e",
                            "image_name": "debian-8-redis_ssh-x86_64",
                            "key_pair": "vmcloud",
                            "name": "instance_vmwdemo_redis_master_test",
                            "network.#": "1",
                            "network.0.access_network": "false",
                            "network.0.fixed_ip_v4": "",
                            "network.0.fixed_ip_v6": "",
                            "network.0.floating_ip": "",
                            "network.0.mac": "",
                            "network.0.name": "",
                            "network.0.port": "49084c38-7325-4bf1-a972-af21e735d829",
                            "network.0.uuid": "",
                            "security_groups.#": "1",
                            "security_groups.2744529980": "secgroup_vmwdemo_test",
                            "stop_before_destroy": "false",
                            "volume.#": "0"
                        },
                        "meta": {
                            "e2bfb730-ecaa-11e6-8f88-34363bc7c4c0": {
                                "create": 1800000000000,
                                "delete": 1800000000000,
                                "update": 1800000000000
                            }
                        },
                        "tainted": false
                    },
                    "deposed": [],
                    "provider": ""
                },
                "openstack_compute_instance_v2.instance_vmwdemo_redis_slave": {
                    "type": "openstack_compute_instance_v2",
                    "depends_on": [
                        "null_resource.inventory_and_vars_setup",
                        "openstack_networking_floatingip_v2.floatip_vmwdemo_redis_slave",
                        "openstack_networking_port_v2.port_vmwdemo_redis_slave"
                    ],
                    "primary": {
                        "id": "8aa5c3dd-d3ae-4ce7-8ab0-f430cc80fee4",
                        "attributes": {
                            "access_ip_v4": "",
                            "access_ip_v6": "",
                            "all_metadata.%": "0",
                            "availability_zone": "nova",
                            "flavor_id": "3",
                            "flavor_name": "m1.medium",
                            "force_delete": "false",
                            "id": "8aa5c3dd-d3ae-4ce7-8ab0-f430cc80fee4",
                            "image_id": "5463ff57-bd36-40fd-90d3-d2001c8f5e9e",
                            "image_name": "debian-8-redis_ssh-x86_64",
                            "key_pair": "vmcloud",
                            "name": "instance_vmwdemo_redis_slave_test",
                            "network.#": "1",
                            "network.0.access_network": "false",
                            "network.0.fixed_ip_v4": "",
                            "network.0.fixed_ip_v6": "",
                            "network.0.floating_ip": "",
                            "network.0.mac": "",
                            "network.0.name": "",
                            "network.0.port": "4ef855f0-5f65-473c-821a-b1c30731f9e9",
                            "network.0.uuid": "",
                            "security_groups.#": "1",
                            "security_groups.2744529980": "secgroup_vmwdemo_test",
                            "stop_before_destroy": "false",
                            "volume.#": "0"
                        },
                        "meta": {
                            "e2bfb730-ecaa-11e6-8f88-34363bc7c4c0": {
                                "create": 1800000000000,
                                "delete": 1800000000000,
                                "update": 1800000000000
                            }
                        },
                        "tainted": false
                    },
                    "deposed": [],
                    "provider": ""
                },
                "openstack_compute_instance_v2.instance_vmwdemo_web": {
                    "type": "openstack_compute_instance_v2",
                    "depends_on": [
                        "null_resource.inventory_and_vars_setup",
                        "openstack_networking_floatingip_v2.floatip_vmwdemo_web",
                        "openstack_networking_port_v2.port_vmwdemo_web"
                    ],
                    "primary": {
                        "id": "4de20d5e-0f0d-495e-b12f-d16d609ff820",
                        "attributes": {
                            "access_ip_v4": "",
                            "access_ip_v6": "",
                            "all_metadata.%": "0",
                            "availability_zone": "nova",
                            "flavor_id": "3",
                            "flavor_name": "m1.medium",
                            "force_delete": "false",
                            "id": "4de20d5e-0f0d-495e-b12f-d16d609ff820",
                            "image_id": "c658811b-5698-4bae-8d28-48e806a95d92",
                            "image_name": "debian-8-lampstack_ssh-x86_64",
                            "key_pair": "vmcloud",
                            "name": "instance_vmwdemo_web_test",
                            "network.#": "1",
                            "network.0.access_network": "false",
                            "network.0.fixed_ip_v4": "",
                            "network.0.fixed_ip_v6": "",
                            "network.0.floating_ip": "",
                            "network.0.mac": "",
                            "network.0.name": "",
                            "network.0.port": "2f34d17a-c2ed-4696-a3f2-339baf1d4d23",
                            "network.0.uuid": "",
                            "security_groups.#": "1",
                            "security_groups.2744529980": "secgroup_vmwdemo_test",
                            "stop_before_destroy": "false",
                            "volume.#": "0"
                        },
                        "meta": {
                            "e2bfb730-ecaa-11e6-8f88-34363bc7c4c0": {
                                "create": 1800000000000,
                                "delete": 1800000000000,
                                "update": 1800000000000
                            }
                        },
                        "tainted": false
                    },
                    "deposed": [],
                    "provider": ""
                },
                "openstack_compute_secgroup_v2.secgroup_vmwdemo": {
                    "type": "openstack_compute_secgroup_v2",
                    "depends_on": [
                        "openstack_networking_subnet_v2.subnet_vmwdemo"
                    ],
                    "primary": {
                        "id": "3857cdf0-a692-4344-b021-4faaebabbf06",
                        "attributes": {
                            "description": "a security group",
                            "id": "3857cdf0-a692-4344-b021-4faaebabbf06",
                            "name": "secgroup_vmwdemo_test",
                            "region": "",
                            "rule.#": "4",
                            "rule.2180185248.cidr": "0.0.0.0/0",
                            "rule.2180185248.from_group_id": "",
                            "rule.2180185248.from_port": "-1",
                            "rule.2180185248.id": "1dd75d30-14b3-4f5f-85d2-2a7b1d73135a",
                            "rule.2180185248.ip_protocol": "icmp",
                            "rule.2180185248.self": "false",
                            "rule.2180185248.to_port": "-1",
                            "rule.2766088448.cidr": "0.0.0.0/0",
                            "rule.2766088448.from_group_id": "",
                            "rule.2766088448.from_port": "6300",
                            "rule.2766088448.id": "f57d21bf-e32d-4738-99c7-c31a87a0ed1d",
                            "rule.2766088448.ip_protocol": "tcp",
                            "rule.2766088448.self": "false",
                            "rule.2766088448.to_port": "6400",
                            "rule.3719211069.cidr": "0.0.0.0/0",
                            "rule.3719211069.from_group_id": "",
                            "rule.3719211069.from_port": "80",
                            "rule.3719211069.id": "0e313eae-e98d-4ef9-bf30-2963c1e38eb7",
                            "rule.3719211069.ip_protocol": "tcp",
                            "rule.3719211069.self": "false",
                            "rule.3719211069.to_port": "80",
                            "rule.836640770.cidr": "0.0.0.0/0",
                            "rule.836640770.from_group_id": "",
                            "rule.836640770.from_port": "22",
                            "rule.836640770.id": "abc29d64-1ce0-4f57-a425-0ca30f7ef035",
                            "rule.836640770.ip_protocol": "tcp",
                            "rule.836640770.self": "false",
                            "rule.836640770.to_port": "22"
                        },
                        "meta": {
                            "e2bfb730-ecaa-11e6-8f88-34363bc7c4c0": {
                                "delete": 600000000000
                            }
                        },
                        "tainted": false
                    },
                    "deposed": [],
                    "provider": ""
                },
                "openstack_networking_floatingip_v2.floatip_vmwdemo_redis_master": {
                    "type": "openstack_networking_floatingip_v2",
                    "depends_on": [
                        "openstack_networking_port_v2.port_vmwdemo_redis_master"
                    ],
                    "primary": {
                        "id": "ce141b1d-1c5f-446a-b7d2-d92d1bca9ef9",
                        "attributes": {
                            "address": "10.40.207.168",
                            "fixed_ip": "192.168.199.4",
                            "id": "ce141b1d-1c5f-446a-b7d2-d92d1bca9ef9",
                            "pool": "ext-net",
                            "port_id": "49084c38-7325-4bf1-a972-af21e735d829",
                            "region": "nova",
                            "tenant_id": "c4d0b0ec479448ab9c391d941f88ae5e"
                        },
                        "meta": {
                            "e2bfb730-ecaa-11e6-8f88-34363bc7c4c0": {
                                "create": 600000000000,
                                "delete": 600000000000
                            }
                        },
                        "tainted": false
                    },
                    "deposed": [],
                    "provider": ""
                },
                "openstack_networking_floatingip_v2.floatip_vmwdemo_redis_slave": {
                    "type": "openstack_networking_floatingip_v2",
                    "depends_on": [
                        "openstack_networking_port_v2.port_vmwdemo_redis_slave"
                    ],
                    "primary": {
                        "id": "10d080cb-c6ad-46e7-b0da-674065207590",
                        "attributes": {
                            "address": "10.40.207.169",
                            "fixed_ip": "192.168.199.5",
                            "id": "10d080cb-c6ad-46e7-b0da-674065207590",
                            "pool": "ext-net",
                            "port_id": "4ef855f0-5f65-473c-821a-b1c30731f9e9",
                            "region": "nova",
                            "tenant_id": "c4d0b0ec479448ab9c391d941f88ae5e"
                        },
                        "meta": {
                            "e2bfb730-ecaa-11e6-8f88-34363bc7c4c0": {
                                "create": 600000000000,
                                "delete": 600000000000
                            }
                        },
                        "tainted": false
                    },
                    "deposed": [],
                    "provider": ""
                },
                "openstack_networking_floatingip_v2.floatip_vmwdemo_web": {
                    "type": "openstack_networking_floatingip_v2",
                    "depends_on": [
                        "openstack_networking_port_v2.port_vmwdemo_web"
                    ],
                    "primary": {
                        "id": "28816ac1-d64a-4e20-a395-fc5e571d88c1",
                        "attributes": {
                            "address": "10.40.207.167",
                            "fixed_ip": "192.168.199.3",
                            "id": "28816ac1-d64a-4e20-a395-fc5e571d88c1",
                            "pool": "ext-net",
                            "port_id": "2f34d17a-c2ed-4696-a3f2-339baf1d4d23",
                            "region": "nova",
                            "tenant_id": "c4d0b0ec479448ab9c391d941f88ae5e"
                        },
                        "meta": {
                            "e2bfb730-ecaa-11e6-8f88-34363bc7c4c0": {
                                "create": 600000000000,
                                "delete": 600000000000
                            }
                        },
                        "tainted": false
                    },
                    "deposed": [],
                    "provider": ""
                },
                "openstack_networking_network_v2.network_vmwdemo": {
                    "type": "openstack_networking_network_v2",
                    "depends_on": [
                        "openstack_networking_router_v2.router_vmwdemo"
                    ],
                    "primary": {
                        "id": "85ded4d8-779a-4231-8a13-1aa63280fe5a",
                        "attributes": {
                            "admin_state_up": "true",
                            "id": "85ded4d8-779a-4231-8a13-1aa63280fe5a",
                            "name": "network_vmwdemo_test",
                            "region": "",
                            "shared": "false",
                            "tenant_id": "c4d0b0ec479448ab9c391d941f88ae5e"
                        },
                        "meta": {
                            "e2bfb730-ecaa-11e6-8f88-34363bc7c4c0": {
                                "create": 600000000000,
                                "delete": 600000000000
                            }
                        },
                        "tainted": false
                    },
                    "deposed": [],
                    "provider": ""
                },
                "openstack_networking_port_v2.port_vmwdemo_redis_master": {
                    "type": "openstack_networking_port_v2",
                    "depends_on": [
                        "openstack_compute_secgroup_v2.secgroup_vmwdemo",
                        "openstack_networking_network_v2.network_vmwdemo",
                        "openstack_networking_subnet_v2.subnet_vmwdemo"
                    ],
                    "primary": {
                        "id": "49084c38-7325-4bf1-a972-af21e735d829",
                        "attributes": {
                            "admin_state_up": "true",
                            "all_fixed_ips.#": "1",
                            "all_fixed_ips.0": "192.168.199.4",
                            "allowed_address_pairs.#": "0",
                            "device_id": "",
                            "device_owner": "",
                            "fixed_ip.#": "1",
                            "fixed_ip.0.ip_address": "",
                            "fixed_ip.0.subnet_id": "74a08922-2ae7-4a7e-a631-b514705e1654",
                            "id": "49084c38-7325-4bf1-a972-af21e735d829",
                            "mac_address": "fa:16:3e:d7:3c:d5",
                            "name": "port_vmwdemo_redis_master_test",
                            "network_id": "85ded4d8-779a-4231-8a13-1aa63280fe5a",
                            "region": "",
                            "security_group_ids.#": "1",
                            "security_group_ids.966297645": "3857cdf0-a692-4344-b021-4faaebabbf06",
                            "tenant_id": "c4d0b0ec479448ab9c391d941f88ae5e"
                        },
                        "meta": {
                            "e2bfb730-ecaa-11e6-8f88-34363bc7c4c0": {
                                "create": 600000000000,
                                "delete": 600000000000
                            }
                        },
                        "tainted": false
                    },
                    "deposed": [],
                    "provider": ""
                },
                "openstack_networking_port_v2.port_vmwdemo_redis_slave": {
                    "type": "openstack_networking_port_v2",
                    "depends_on": [
                        "openstack_compute_secgroup_v2.secgroup_vmwdemo",
                        "openstack_networking_network_v2.network_vmwdemo",
                        "openstack_networking_subnet_v2.subnet_vmwdemo"
                    ],
                    "primary": {
                        "id": "4ef855f0-5f65-473c-821a-b1c30731f9e9",
                        "attributes": {
                            "admin_state_up": "true",
                            "all_fixed_ips.#": "1",
                            "all_fixed_ips.0": "192.168.199.5",
                            "allowed_address_pairs.#": "0",
                            "device_id": "",
                            "device_owner": "",
                            "fixed_ip.#": "1",
                            "fixed_ip.0.ip_address": "",
                            "fixed_ip.0.subnet_id": "74a08922-2ae7-4a7e-a631-b514705e1654",
                            "id": "4ef855f0-5f65-473c-821a-b1c30731f9e9",
                            "mac_address": "fa:16:3e:d2:57:be",
                            "name": "port_vmwdemo_redis_slave_test",
                            "network_id": "85ded4d8-779a-4231-8a13-1aa63280fe5a",
                            "region": "",
                            "security_group_ids.#": "1",
                            "security_group_ids.966297645": "3857cdf0-a692-4344-b021-4faaebabbf06",
                            "tenant_id": "c4d0b0ec479448ab9c391d941f88ae5e"
                        },
                        "meta": {
                            "e2bfb730-ecaa-11e6-8f88-34363bc7c4c0": {
                                "create": 600000000000,
                                "delete": 600000000000
                            }
                        },
                        "tainted": false
                    },
                    "deposed": [],
                    "provider": ""
                },
                "openstack_networking_port_v2.port_vmwdemo_web": {
                    "type": "openstack_networking_port_v2",
                    "depends_on": [
                        "openstack_compute_secgroup_v2.secgroup_vmwdemo",
                        "openstack_networking_network_v2.network_vmwdemo",
                        "openstack_networking_subnet_v2.subnet_vmwdemo"
                    ],
                    "primary": {
                        "id": "2f34d17a-c2ed-4696-a3f2-339baf1d4d23",
                        "attributes": {
                            "admin_state_up": "true",
                            "all_fixed_ips.#": "1",
                            "all_fixed_ips.0": "192.168.199.3",
                            "allowed_address_pairs.#": "0",
                            "device_id": "",
                            "device_owner": "",
                            "fixed_ip.#": "1",
                            "fixed_ip.0.ip_address": "",
                            "fixed_ip.0.subnet_id": "74a08922-2ae7-4a7e-a631-b514705e1654",
                            "id": "2f34d17a-c2ed-4696-a3f2-339baf1d4d23",
                            "mac_address": "fa:16:3e:90:40:6a",
                            "name": "port_vmwdemo_web_test",
                            "network_id": "85ded4d8-779a-4231-8a13-1aa63280fe5a",
                            "region": "",
                            "security_group_ids.#": "1",
                            "security_group_ids.966297645": "3857cdf0-a692-4344-b021-4faaebabbf06",
                            "tenant_id": "c4d0b0ec479448ab9c391d941f88ae5e"
                        },
                        "meta": {
                            "e2bfb730-ecaa-11e6-8f88-34363bc7c4c0": {
                                "create": 600000000000,
                                "delete": 600000000000
                            }
                        },
                        "tainted": false
                    },
                    "deposed": [],
                    "provider": ""
                },
                "openstack_networking_router_interface_v2.router_interface_vmwdemo": {
                    "type": "openstack_networking_router_interface_v2",
                    "depends_on": [
                        "openstack_networking_router_v2.router_vmwdemo",
                        "openstack_networking_subnet_v2.subnet_vmwdemo"
                    ],
                    "primary": {
                        "id": "eb36573b-6710-4a97-bf11-d49032f7691d",
                        "attributes": {
                            "id": "eb36573b-6710-4a97-bf11-d49032f7691d",
                            "region": "nova",
                            "router_id": "59179889-1f6a-4cb7-97eb-11a5c9ce7fae",
                            "subnet_id": "74a08922-2ae7-4a7e-a631-b514705e1654"
                        },
                        "meta": {
                            "e2bfb730-ecaa-11e6-8f88-34363bc7c4c0": {
                                "create": 600000000000,
                                "delete": 600000000000
                            }
                        },
                        "tainted": false
                    },
                    "deposed": [],
                    "provider": ""
                },
                "openstack_networking_router_v2.router_vmwdemo": {
                    "type": "openstack_networking_router_v2",
                    "depends_on": [],
                    "primary": {
                        "id": "59179889-1f6a-4cb7-97eb-11a5c9ce7fae",
                        "attributes": {
                            "admin_state_up": "true",
                            "distributed": "false",
                            "external_gateway": "d5c89e0d-75e0-4806-867a-19ece99226f0",
                            "id": "59179889-1f6a-4cb7-97eb-11a5c9ce7fae",
                            "name": "router_vmwdemo_test",
                            "region": "nova",
                            "tenant_id": "c4d0b0ec479448ab9c391d941f88ae5e"
                        },
                        "meta": {
                            "e2bfb730-ecaa-11e6-8f88-34363bc7c4c0": {
                                "create": 600000000000,
                                "delete": 600000000000
                            }
                        },
                        "tainted": false
                    },
                    "deposed": [],
                    "provider": ""
                },
                "openstack_networking_subnet_v2.subnet_vmwdemo": {
                    "type": "openstack_networking_subnet_v2",
                    "depends_on": [
                        "openstack_networking_network_v2.network_vmwdemo"
                    ],
                    "primary": {
                        "id": "74a08922-2ae7-4a7e-a631-b514705e1654",
                        "attributes": {
                            "allocation_pools.#": "1",
                            "allocation_pools.0.end": "192.168.199.254",
                            "allocation_pools.0.start": "192.168.199.2",
                            "cidr": "192.168.199.0/24",
                            "dns_nameservers.#": "4",
                            "dns_nameservers.1434477439": "10.132.71.1",
                            "dns_nameservers.3348221913": "10.20.20.1",
                            "dns_nameservers.3811298194": "8.8.4.4",
                            "dns_nameservers.3817307869": "8.8.8.8",
                            "enable_dhcp": "true",
                            "gateway_ip": "192.168.199.1",
                            "host_routes.#": "0",
                            "id": "74a08922-2ae7-4a7e-a631-b514705e1654",
                            "ip_version": "4",
                            "name": "subnet_vmwdemo_test",
                            "network_id": "85ded4d8-779a-4231-8a13-1aa63280fe5a",
                            "region": "",
                            "tenant_id": "c4d0b0ec479448ab9c391d941f88ae5e"
                        },
                        "meta": {
                            "e2bfb730-ecaa-11e6-8f88-34363bc7c4c0": {
                                "create": 600000000000,
                                "delete": 600000000000
                            }
                        },
                        "tainted": false
                    },
                    "deposed": [],
                    "provider": ""
                }
            },
            "depends_on": []
        }
    ]
}
